
Microsoft Visual Studio Solution File, Format Version 12.00
# Visual Studio 15
VisualStudioVersion = 15.0.27130.2027
MinimumVisualStudioVersion = 10.0.40219.1
Project("{9A19103F-16F7-4668-BE54-9A1E7A4F7556}") = "QuizTime", "QuizTime\QuizTime.csproj", "{501E554E-AE4B-4BB1-9B46-18B0E1A383F8}"
EndProject
Project("{2150E333-8FDC-42A3-9474-1A3956D46DE8}") = "Solution Items", "Solution Items", "{6A87AB3D-CF88-4865-A938-FF8DE4EF22CE}"
	ProjectSection(SolutionItems) = preProject
		Performance1.psess = Performance1.psess
	EndProjectSection
EndProject
Global
	GlobalSection(SolutionConfigurationPlatforms) = preSolution
		Debug|Any CPU = Debug|Any CPU
		Release|Any CPU = Release|Any CPU
	EndGlobalSection
	GlobalSection(ProjectConfigurationPlatforms) = postSolution
		{501E554E-AE4B-4BB1-9B46-18B0E1A383F8}.Debug|Any CPU.ActiveCfg = Debug|Any CPU
		{501E554E-AE4B-4BB1-9B46-18B0E1A383F8}.Debug|Any CPU.Build.0 = Debug|Any CPU
		{501E554E-AE4B-4BB1-9B46-18B0E1A383F8}.Release|Any CPU.ActiveCfg = Debug|Any CPU
		{501E554E-AE4B-4BB1-9B46-18B0E1A383F8}.Release|Any CPU.Build.0 = Debug|Any CPU
	EndGlobalSection
	GlobalSection(SolutionProperties) = preSolution
		HideSolutionNode = FALSE
	EndGlobalSection
	GlobalSection(ExtensibilityGlobals) = postSolution
		SolutionGuid = {C015A082-0C6C-405A-87CC-4448CC12B0BA}
	EndGlobalSection
	GlobalSection(Performance) = preSolution
		HasPerformanceSessions = true
	EndGlobalSection
EndGlobal
